// !$*UTF8*$!
{
	archiveVersion = 1;
	classes = {
	};
	objectVersion = 46;
	objects = {

/* Begin PBXBuildFile section */
		A817710B1BEC8F7E00F2A616 /* LPDB.h in Headers */ = {isa = PBXBuildFile; fileRef = A817710A1BEC8F7E00F2A616 /* LPDB.h */; settings = {ATTRIBUTES = (Public, ); }; };
		A817714C1BEC8FE500F2A616 /* FMDatabase.h in Headers */ = {isa = PBXBuildFile; fileRef = A81771141BEC8FE500F2A616 /* FMDatabase.h */; };
		A817714D1BEC8FE500F2A616 /* FMDatabase.m in Sources */ = {isa = PBXBuildFile; fileRef = A81771151BEC8FE500F2A616 /* FMDatabase.m */; };
		A817714E1BEC8FE500F2A616 /* FMDatabaseAdditions.h in Headers */ = {isa = PBXBuildFile; fileRef = A81771161BEC8FE500F2A616 /* FMDatabaseAdditions.h */; };
		A817714F1BEC8FE500F2A616 /* FMDatabaseAdditions.m in Sources */ = {isa = PBXBuildFile; fileRef = A81771171BEC8FE500F2A616 /* FMDatabaseAdditions.m */; };
		A81771501BEC8FE500F2A616 /* FMDatabasePool.h in Headers */ = {isa = PBXBuildFile; fileRef = A81771181BEC8FE500F2A616 /* FMDatabasePool.h */; };
		A81771511BEC8FE500F2A616 /* FMDatabasePool.m in Sources */ = {isa = PBXBuildFile; fileRef = A81771191BEC8FE500F2A616 /* FMDatabasePool.m */; };
		A81771521BEC8FE500F2A616 /* FMDatabaseQueue.h in Headers */ = {isa = PBXBuildFile; fileRef = A817711A1BEC8FE500F2A616 /* FMDatabaseQueue.h */; };
		A81771531BEC8FE500F2A616 /* FMDatabaseQueue.m in Sources */ = {isa = PBXBuildFile; fileRef = A817711B1BEC8FE500F2A616 /* FMDatabaseQueue.m */; };
		A81771541BEC8FE500F2A616 /* FMDB.h in Headers */ = {isa = PBXBuildFile; fileRef = A817711C1BEC8FE500F2A616 /* FMDB.h */; };
		A81771551BEC8FE500F2A616 /* FMResultSet.h in Headers */ = {isa = PBXBuildFile; fileRef = A817711D1BEC8FE500F2A616 /* FMResultSet.h */; };
		A81771561BEC8FE500F2A616 /* FMResultSet.m in Sources */ = {isa = PBXBuildFile; fileRef = A817711E1BEC8FE500F2A616 /* FMResultSet.m */; };
		A817715D1BEC8FE500F2A616 /* LPDBManager.h in Headers */ = {isa = PBXBuildFile; fileRef = A81771251BEC8FE500F2A616 /* LPDBManager.h */; settings = {ATTRIBUTES = (Public, ); }; };
		A817715E1BEC8FE500F2A616 /* LPDBManager.m in Sources */ = {isa = PBXBuildFile; fileRef = A81771261BEC8FE500F2A616 /* LPDBManager.m */; };
		A817715F1BEC8FE500F2A616 /* LPDBModel.h in Headers */ = {isa = PBXBuildFile; fileRef = A81771271BEC8FE500F2A616 /* LPDBModel.h */; settings = {ATTRIBUTES = (Public, ); }; };
		A81771601BEC8FE500F2A616 /* LPDBModel.m in Sources */ = {isa = PBXBuildFile; fileRef = A81771281BEC8FE500F2A616 /* LPDBModel.m */; };
		A81771651BEC8FE500F2A616 /* CompilerCheckedKeyPaths.h in Headers */ = {isa = PBXBuildFile; fileRef = A817712E1BEC8FE500F2A616 /* CompilerCheckedKeyPaths.h */; settings = {ATTRIBUTES = (Public, ); }; };
		A81771661BEC8FE500F2A616 /* LPDBManager+Private.h in Headers */ = {isa = PBXBuildFile; fileRef = A817712F1BEC8FE500F2A616 /* LPDBManager+Private.h */; settings = {ATTRIBUTES = (Private, ); }; };
		A81771671BEC8FE500F2A616 /* LPDBModel+SQL.h in Headers */ = {isa = PBXBuildFile; fileRef = A81771301BEC8FE500F2A616 /* LPDBModel+SQL.h */; settings = {ATTRIBUTES = (Private, ); }; };
		A81771681BEC8FE500F2A616 /* LPDBModel+SQL.m in Sources */ = {isa = PBXBuildFile; fileRef = A81771311BEC8FE500F2A616 /* LPDBModel+SQL.m */; };
		A81771691BEC8FE500F2A616 /* NSArray-SQLitePersistence.h in Headers */ = {isa = PBXBuildFile; fileRef = A81771321BEC8FE500F2A616 /* NSArray-SQLitePersistence.h */; settings = {ATTRIBUTES = (Private, ); }; };
		A817716A1BEC8FE500F2A616 /* NSArray-SQLitePersistence.m in Sources */ = {isa = PBXBuildFile; fileRef = A81771331BEC8FE500F2A616 /* NSArray-SQLitePersistence.m */; };
		A817716B1BEC8FE500F2A616 /* NSData-SQLitePersistence.h in Headers */ = {isa = PBXBuildFile; fileRef = A81771341BEC8FE500F2A616 /* NSData-SQLitePersistence.h */; settings = {ATTRIBUTES = (Private, ); }; };
		A817716C1BEC8FE500F2A616 /* NSData-SQLitePersistence.m in Sources */ = {isa = PBXBuildFile; fileRef = A81771351BEC8FE500F2A616 /* NSData-SQLitePersistence.m */; };
		A817716D1BEC8FE500F2A616 /* NSDate-SQLitePersistence.h in Headers */ = {isa = PBXBuildFile; fileRef = A81771361BEC8FE500F2A616 /* NSDate-SQLitePersistence.h */; settings = {ATTRIBUTES = (Private, ); }; };
		A817716E1BEC8FE500F2A616 /* NSDate-SQLitePersistence.m in Sources */ = {isa = PBXBuildFile; fileRef = A81771371BEC8FE500F2A616 /* NSDate-SQLitePersistence.m */; };
		A817716F1BEC8FE500F2A616 /* NSDictionary-SQLitePersistence.h in Headers */ = {isa = PBXBuildFile; fileRef = A81771381BEC8FE500F2A616 /* NSDictionary-SQLitePersistence.h */; settings = {ATTRIBUTES = (Private, ); }; };
		A81771701BEC8FE500F2A616 /* NSDictionary-SQLitePersistence.m in Sources */ = {isa = PBXBuildFile; fileRef = A81771391BEC8FE500F2A616 /* NSDictionary-SQLitePersistence.m */; };
		A81771711BEC8FE500F2A616 /* NSNumber-SQLitePersistence.h in Headers */ = {isa = PBXBuildFile; fileRef = A817713A1BEC8FE500F2A616 /* NSNumber-SQLitePersistence.h */; settings = {ATTRIBUTES = (Private, ); }; };
		A81771721BEC8FE500F2A616 /* NSNumber-SQLitePersistence.m in Sources */ = {isa = PBXBuildFile; fileRef = A817713B1BEC8FE500F2A616 /* NSNumber-SQLitePersistence.m */; };
		A81771731BEC8FE500F2A616 /* NSObject-ClassName.h in Headers */ = {isa = PBXBuildFile; fileRef = A817713C1BEC8FE500F2A616 /* NSObject-ClassName.h */; settings = {ATTRIBUTES = (Private, ); }; };
		A81771741BEC8FE500F2A616 /* NSObject-ClassName.m in Sources */ = {isa = PBXBuildFile; fileRef = A817713D1BEC8FE500F2A616 /* NSObject-ClassName.m */; };
		A81771751BEC8FE500F2A616 /* NSObject-SQLitePersistence.h in Headers */ = {isa = PBXBuildFile; fileRef = A817713E1BEC8FE500F2A616 /* NSObject-SQLitePersistence.h */; settings = {ATTRIBUTES = (Private, ); }; };
		A81771761BEC8FE500F2A616 /* NSObject-SQLitePersistence.m in Sources */ = {isa = PBXBuildFile; fileRef = A817713F1BEC8FE500F2A616 /* NSObject-SQLitePersistence.m */; };
		A81771771BEC8FE500F2A616 /* NSSet-SQLitePersistence.h in Headers */ = {isa = PBXBuildFile; fileRef = A81771401BEC8FE500F2A616 /* NSSet-SQLitePersistence.h */; settings = {ATTRIBUTES = (Private, ); }; };
		A81771781BEC8FE500F2A616 /* NSSet-SQLitePersistence.m in Sources */ = {isa = PBXBuildFile; fileRef = A81771411BEC8FE500F2A616 /* NSSet-SQLitePersistence.m */; };
		A81771791BEC8FE500F2A616 /* NSString-SQLiteColumnName.h in Headers */ = {isa = PBXBuildFile; fileRef = A81771421BEC8FE500F2A616 /* NSString-SQLiteColumnName.h */; settings = {ATTRIBUTES = (Private, ); }; };
		A817717A1BEC8FE500F2A616 /* NSString-SQLiteColumnName.m in Sources */ = {isa = PBXBuildFile; fileRef = A81771431BEC8FE500F2A616 /* NSString-SQLiteColumnName.m */; };
		A817717B1BEC8FE500F2A616 /* NSString-SQLitePersistence.h in Headers */ = {isa = PBXBuildFile; fileRef = A81771441BEC8FE500F2A616 /* NSString-SQLitePersistence.h */; settings = {ATTRIBUTES = (Private, ); }; };
		A817717C1BEC8FE500F2A616 /* NSString-SQLitePersistence.m in Sources */ = {isa = PBXBuildFile; fileRef = A81771451BEC8FE500F2A616 /* NSString-SQLitePersistence.m */; };
		A817717D1BEC8FE500F2A616 /* NSString-UppercaseFirst.h in Headers */ = {isa = PBXBuildFile; fileRef = A81771461BEC8FE500F2A616 /* NSString-UppercaseFirst.h */; settings = {ATTRIBUTES = (Private, ); }; };
		A817717E1BEC8FE500F2A616 /* NSString-UppercaseFirst.m in Sources */ = {isa = PBXBuildFile; fileRef = A81771471BEC8FE500F2A616 /* NSString-UppercaseFirst.m */; };
		A817717F1BEC8FE500F2A616 /* UIColor-SQLitePersistentObject.h in Headers */ = {isa = PBXBuildFile; fileRef = A81771481BEC8FE500F2A616 /* UIColor-SQLitePersistentObject.h */; settings = {ATTRIBUTES = (Private, ); }; };
		A81771801BEC8FE500F2A616 /* UIColor-SQLitePersistentObject.m in Sources */ = {isa = PBXBuildFile; fileRef = A81771491BEC8FE500F2A616 /* UIColor-SQLitePersistentObject.m */; };
		A81771811BEC8FE500F2A616 /* UIImage-SQLitePersistence.h in Headers */ = {isa = PBXBuildFile; fileRef = A817714A1BEC8FE500F2A616 /* UIImage-SQLitePersistence.h */; settings = {ATTRIBUTES = (Private, ); }; };
		A81771821BEC8FE500F2A616 /* UIImage-SQLitePersistence.m in Sources */ = {isa = PBXBuildFile; fileRef = A817714B1BEC8FE500F2A616 /* UIImage-SQLitePersistence.m */; };
		A81771841BEC937700F2A616 /* libsqlite3.0.tbd in Frameworks */ = {isa = PBXBuildFile; fileRef = A81771831BEC937700F2A616 /* libsqlite3.0.tbd */; };
		A8D0E3751E02881B00A2655C /* LPDBModel+Private.h in Headers */ = {isa = PBXBuildFile; fileRef = A8D0E3741E02881B00A2655C /* LPDBModel+Private.h */; };
/* End PBXBuildFile section */

/* Begin PBXFileReference section */
		A81771071BEC8F7E00F2A616 /* LPDB.framework */ = {isa = PBXFileReference; explicitFileType = wrapper.framework; includeInIndex = 0; path = LPDB.framework; sourceTree = BUILT_PRODUCTS_DIR; };
		A817710A1BEC8F7E00F2A616 /* LPDB.h */ = {isa = PBXFileReference; lastKnownFileType = sourcecode.c.h; path = LPDB.h; sourceTree = "<group>"; };
		A817710C1BEC8F7E00F2A616 /* Info.plist */ = {isa = PBXFileReference; lastKnownFileType = text.plist.xml; path = Info.plist; sourceTree = "<group>"; };
		A81771141BEC8FE500F2A616 /* FMDatabase.h */ = {isa = PBXFileReference; fileEncoding = 4; lastKnownFileType = sourcecode.c.h; path = FMDatabase.h; sourceTree = "<group>"; };
		A81771151BEC8FE500F2A616 /* FMDatabase.m */ = {isa = PBXFileReference; fileEncoding = 4; lastKnownFileType = sourcecode.c.objc; path = FMDatabase.m; sourceTree = "<group>"; };
		A81771161BEC8FE500F2A616 /* FMDatabaseAdditions.h */ = {isa = PBXFileReference; fileEncoding = 4; lastKnownFileType = sourcecode.c.h; path = FMDatabaseAdditions.h; sourceTree = "<group>"; };
		A81771171BEC8FE500F2A616 /* FMDatabaseAdditions.m */ = {isa = PBXFileReference; fileEncoding = 4; lastKnownFileType = sourcecode.c.objc; path = FMDatabaseAdditions.m; sourceTree = "<group>"; };
		A81771181BEC8FE500F2A616 /* FMDatabasePool.h */ = {isa = PBXFileReference; fileEncoding = 4; lastKnownFileType = sourcecode.c.h; path = FMDatabasePool.h; sourceTree = "<group>"; };
		A81771191BEC8FE500F2A616 /* FMDatabasePool.m */ = {isa = PBXFileReference; fileEncoding = 4; lastKnownFileType = sourcecode.c.objc; path = FMDatabasePool.m; sourceTree = "<group>"; };
		A817711A1BEC8FE500F2A616 /* FMDatabaseQueue.h */ = {isa = PBXFileReference; fileEncoding = 4; lastKnownFileType = sourcecode.c.h; path = FMDatabaseQueue.h; sourceTree = "<group>"; };
		A817711B1BEC8FE500F2A616 /* FMDatabaseQueue.m */ = {isa = PBXFileReference; fileEncoding = 4; lastKnownFileType = sourcecode.c.objc; path = FMDatabaseQueue.m; sourceTree = "<group>"; };
		A817711C1BEC8FE500F2A616 /* FMDB.h */ = {isa = PBXFileReference; fileEncoding = 4; lastKnownFileType = sourcecode.c.h; path = FMDB.h; sourceTree = "<group>"; };
		A817711D1BEC8FE500F2A616 /* FMResultSet.h */ = {isa = PBXFileReference; fileEncoding = 4; lastKnownFileType = sourcecode.c.h; path = FMResultSet.h; sourceTree = "<group>"; };
		A817711E1BEC8FE500F2A616 /* FMResultSet.m */ = {isa = PBXFileReference; fileEncoding = 4; lastKnownFileType = sourcecode.c.objc; path = FMResultSet.m; sourceTree = "<group>"; };
		A81771251BEC8FE500F2A616 /* LPDBManager.h */ = {isa = PBXFileReference; fileEncoding = 4; lastKnownFileType = sourcecode.c.h; path = LPDBManager.h; sourceTree = "<group>"; };
		A81771261BEC8FE500F2A616 /* LPDBManager.m */ = {isa = PBXFileReference; fileEncoding = 4; lastKnownFileType = sourcecode.c.objc; path = LPDBManager.m; sourceTree = "<group>"; };
		A81771271BEC8FE500F2A616 /* LPDBModel.h */ = {isa = PBXFileReference; fileEncoding = 4; lastKnownFileType = sourcecode.c.h; path = LPDBModel.h; sourceTree = "<group>"; };
		A81771281BEC8FE500F2A616 /* LPDBModel.m */ = {isa = PBXFileReference; fileEncoding = 4; lastKnownFileType = sourcecode.c.objc; path = LPDBModel.m; sourceTree = "<group>"; };
		A817712E1BEC8FE500F2A616 /* CompilerCheckedKeyPaths.h */ = {isa = PBXFileReference; fileEncoding = 4; lastKnownFileType = sourcecode.c.h; path = CompilerCheckedKeyPaths.h; sourceTree = "<group>"; };
		A817712F1BEC8FE500F2A616 /* LPDBManager+Private.h */ = {isa = PBXFileReference; fileEncoding = 4; lastKnownFileType = sourcecode.c.h; path = "LPDBManager+Private.h"; sourceTree = "<group>"; };
		A81771301BEC8FE500F2A616 /* LPDBModel+SQL.h */ = {isa = PBXFileReference; fileEncoding = 4; lastKnownFileType = sourcecode.c.h; path = "LPDBModel+SQL.h"; sourceTree = "<group>"; };
		A81771311BEC8FE500F2A616 /* LPDBModel+SQL.m */ = {isa = PBXFileReference; fileEncoding = 4; lastKnownFileType = sourcecode.c.objc; path = "LPDBModel+SQL.m"; sourceTree = "<group>"; };
		A81771321BEC8FE500F2A616 /* NSArray-SQLitePersistence.h */ = {isa = PBXFileReference; fileEncoding = 4; lastKnownFileType = sourcecode.c.h; path = "NSArray-SQLitePersistence.h"; sourceTree = "<group>"; };
		A81771331BEC8FE500F2A616 /* NSArray-SQLitePersistence.m */ = {isa = PBXFileReference; fileEncoding = 4; lastKnownFileType = sourcecode.c.objc; path = "NSArray-SQLitePersistence.m"; sourceTree = "<group>"; };
		A81771341BEC8FE500F2A616 /* NSData-SQLitePersistence.h */ = {isa = PBXFileReference; fileEncoding = 4; lastKnownFileType = sourcecode.c.h; path = "NSData-SQLitePersistence.h"; sourceTree = "<group>"; };
		A81771351BEC8FE500F2A616 /* NSData-SQLitePersistence.m */ = {isa = PBXFileReference; fileEncoding = 4; lastKnownFileType = sourcecode.c.objc; path = "NSData-SQLitePersistence.m"; sourceTree = "<group>"; };
		A81771361BEC8FE500F2A616 /* NSDate-SQLitePersistence.h */ = {isa = PBXFileReference; fileEncoding = 4; lastKnownFileType = sourcecode.c.h; path = "NSDate-SQLitePersistence.h"; sourceTree = "<group>"; };
		A81771371BEC8FE500F2A616 /* NSDate-SQLitePersistence.m */ = {isa = PBXFileReference; fileEncoding = 4; lastKnownFileType = sourcecode.c.objc; path = "NSDate-SQLitePersistence.m"; sourceTree = "<group>"; };
		A81771381BEC8FE500F2A616 /* NSDictionary-SQLitePersistence.h */ = {isa = PBXFileReference; fileEncoding = 4; lastKnownFileType = sourcecode.c.h; path = "NSDictionary-SQLitePersistence.h"; sourceTree = "<group>"; };
		A81771391BEC8FE500F2A616 /* NSDictionary-SQLitePersistence.m */ = {isa = PBXFileReference; fileEncoding = 4; lastKnownFileType = sourcecode.c.objc; path = "NSDictionary-SQLitePersistence.m"; sourceTree = "<group>"; };
		A817713A1BEC8FE500F2A616 /* NSNumber-SQLitePersistence.h */ = {isa = PBXFileReference; fileEncoding = 4; lastKnownFileType = sourcecode.c.h; path = "NSNumber-SQLitePersistence.h"; sourceTree = "<group>"; };
		A817713B1BEC8FE500F2A616 /* NSNumber-SQLitePersistence.m */ = {isa = PBXFileReference; fileEncoding = 4; lastKnownFileType = sourcecode.c.objc; path = "NSNumber-SQLitePersistence.m"; sourceTree = "<group>"; };
		A817713C1BEC8FE500F2A616 /* NSObject-ClassName.h */ = {isa = PBXFileReference; fileEncoding = 4; lastKnownFileType = sourcecode.c.h; path = "NSObject-ClassName.h"; sourceTree = "<group>"; };
		A817713D1BEC8FE500F2A616 /* NSObject-ClassName.m */ = {isa = PBXFileReference; fileEncoding = 4; lastKnownFileType = sourcecode.c.objc; path = "NSObject-ClassName.m"; sourceTree = "<group>"; };
		A817713E1BEC8FE500F2A616 /* NSObject-SQLitePersistence.h */ = {isa = PBXFileReference; fileEncoding = 4; lastKnownFileType = sourcecode.c.h; path = "NSObject-SQLitePersistence.h"; sourceTree = "<group>"; };
		A817713F1BEC8FE500F2A616 /* NSObject-SQLitePersistence.m */ = {isa = PBXFileReference; fileEncoding = 4; lastKnownFileType = sourcecode.c.objc; path = "NSObject-SQLitePersistence.m"; sourceTree = "<group>"; };
		A81771401BEC8FE500F2A616 /* NSSet-SQLitePersistence.h */ = {isa = PBXFileReference; fileEncoding = 4; lastKnownFileType = sourcecode.c.h; path = "NSSet-SQLitePersistence.h"; sourceTree = "<group>"; };
		A81771411BEC8FE500F2A616 /* NSSet-SQLitePersistence.m */ = {isa = PBXFileReference; fileEncoding = 4; lastKnownFileType = sourcecode.c.objc; path = "NSSet-SQLitePersistence.m"; sourceTree = "<group>"; };
		A81771421BEC8FE500F2A616 /* NSString-SQLiteColumnName.h */ = {isa = PBXFileReference; fileEncoding = 4; lastKnownFileType = sourcecode.c.h; path = "NSString-SQLiteColumnName.h"; sourceTree = "<group>"; };
		A81771431BEC8FE500F2A616 /* NSString-SQLiteColumnName.m */ = {isa = PBXFileReference; fileEncoding = 4; lastKnownFileType = sourcecode.c.objc; path = "NSString-SQLiteColumnName.m"; sourceTree = "<group>"; };
		A81771441BEC8FE500F2A616 /* NSString-SQLitePersistence.h */ = {isa = PBXFileReference; fileEncoding = 4; lastKnownFileType = sourcecode.c.h; path = "NSString-SQLitePersistence.h"; sourceTree = "<group>"; };
		A81771451BEC8FE500F2A616 /* NSString-SQLitePersistence.m */ = {isa = PBXFileReference; fileEncoding = 4; lastKnownFileType = sourcecode.c.objc; path = "NSString-SQLitePersistence.m"; sourceTree = "<group>"; };
		A81771461BEC8FE500F2A616 /* NSString-UppercaseFirst.h */ = {isa = PBXFileReference; fileEncoding = 4; lastKnownFileType = sourcecode.c.h; path = "NSString-UppercaseFirst.h"; sourceTree = "<group>"; };
		A81771471BEC8FE500F2A616 /* NSString-UppercaseFirst.m */ = {isa = PBXFileReference; fileEncoding = 4; lastKnownFileType = sourcecode.c.objc; path = "NSString-UppercaseFirst.m"; sourceTree = "<group>"; };
		A81771481BEC8FE500F2A616 /* UIColor-SQLitePersistentObject.h */ = {isa = PBXFileReference; fileEncoding = 4; lastKnownFileType = sourcecode.c.h; path = "UIColor-SQLitePersistentObject.h"; sourceTree = "<group>"; };
		A81771491BEC8FE500F2A616 /* UIColor-SQLitePersistentObject.m */ = {isa = PBXFileReference; fileEncoding = 4; lastKnownFileType = sourcecode.c.objc; path = "UIColor-SQLitePersistentObject.m"; sourceTree = "<group>"; };
		A817714A1BEC8FE500F2A616 /* UIImage-SQLitePersistence.h */ = {isa = PBXFileReference; fileEncoding = 4; lastKnownFileType = sourcecode.c.h; path = "UIImage-SQLitePersistence.h"; sourceTree = "<group>"; };
		A817714B1BEC8FE500F2A616 /* UIImage-SQLitePersistence.m */ = {isa = PBXFileReference; fileEncoding = 4; lastKnownFileType = sourcecode.c.objc; path = "UIImage-SQLitePersistence.m"; sourceTree = "<group>"; };
		A81771831BEC937700F2A616 /* libsqlite3.0.tbd */ = {isa = PBXFileReference; lastKnownFileType = "sourcecode.text-based-dylib-definition"; name = libsqlite3.0.tbd; path = usr/lib/libsqlite3.0.tbd; sourceTree = SDKROOT; };
		A8D0E3741E02881B00A2655C /* LPDBModel+Private.h */ = {isa = PBXFileReference; fileEncoding = 4; lastKnownFileType = sourcecode.c.h; path = "LPDBModel+Private.h"; sourceTree = "<group>"; };
/* End PBXFileReference section */

/* Begin PBXFrameworksBuildPhase section */
		A81771031BEC8F7E00F2A616 /* Frameworks */ = {
			isa = PBXFrameworksBuildPhase;
			buildActionMask = 2147483647;
			files = (
				A81771841BEC937700F2A616 /* libsqlite3.0.tbd in Frameworks */,
			);
			runOnlyForDeploymentPostprocessing = 0;
		};
/* End PBXFrameworksBuildPhase section */

/* Begin PBXGroup section */
		A81770FD1BEC8F7E00F2A616 = {
			isa = PBXGroup;
			children = (
				A81771831BEC937700F2A616 /* libsqlite3.0.tbd */,
				A81771091BEC8F7E00F2A616 /* LPDB */,
				A81771081BEC8F7E00F2A616 /* Products */,
			);
			sourceTree = "<group>";
		};
		A81771081BEC8F7E00F2A616 /* Products */ = {
			isa = PBXGroup;
			children = (
				A81771071BEC8F7E00F2A616 /* LPDB.framework */,
			);
			name = Products;
			sourceTree = "<group>";
		};
		A81771091BEC8F7E00F2A616 /* LPDB */ = {
			isa = PBXGroup;
			children = (
				A817710A1BEC8F7E00F2A616 /* LPDB.h */,
				A817710C1BEC8F7E00F2A616 /* Info.plist */,
				A81771121BEC8FE500F2A616 /* src */,
			);
			path = LPDB;
			sourceTree = "<group>";
		};
		A81771121BEC8FE500F2A616 /* src */ = {
			isa = PBXGroup;
			children = (
				A81771271BEC8FE500F2A616 /* LPDBModel.h */,
				A81771281BEC8FE500F2A616 /* LPDBModel.m */,
				A81771251BEC8FE500F2A616 /* LPDBManager.h */,
				A81771261BEC8FE500F2A616 /* LPDBManager.m */,
				A81771131BEC8FE500F2A616 /* fmdb */,
				A817712D1BEC8FE500F2A616 /* SQL */,
			);
			path = src;
			sourceTree = "<group>";
		};
		A81771131BEC8FE500F2A616 /* fmdb */ = {
			isa = PBXGroup;
			children = (
				A81771141BEC8FE500F2A616 /* FMDatabase.h */,
				A81771151BEC8FE500F2A616 /* FMDatabase.m */,
				A81771161BEC8FE500F2A616 /* FMDatabaseAdditions.h */,
				A81771171BEC8FE500F2A616 /* FMDatabaseAdditions.m */,
				A81771181BEC8FE500F2A616 /* FMDatabasePool.h */,
				A81771191BEC8FE500F2A616 /* FMDatabasePool.m */,
				A817711A1BEC8FE500F2A616 /* FMDatabaseQueue.h */,
				A817711B1BEC8FE500F2A616 /* FMDatabaseQueue.m */,
				A817711C1BEC8FE500F2A616 /* FMDB.h */,
				A817711D1BEC8FE500F2A616 /* FMResultSet.h */,
				A817711E1BEC8FE500F2A616 /* FMResultSet.m */,
			);
			path = fmdb;
			sourceTree = "<group>";
		};
		A817712D1BEC8FE500F2A616 /* SQL */ = {
			isa = PBXGroup;
			children = (
				A817712E1BEC8FE500F2A616 /* CompilerCheckedKeyPaths.h */,
				A817712F1BEC8FE500F2A616 /* LPDBManager+Private.h */,
				A8D0E3741E02881B00A2655C /* LPDBModel+Private.h */,
				A81771301BEC8FE500F2A616 /* LPDBModel+SQL.h */,
				A81771311BEC8FE500F2A616 /* LPDBModel+SQL.m */,
				A81771321BEC8FE500F2A616 /* NSArray-SQLitePersistence.h */,
				A81771331BEC8FE500F2A616 /* NSArray-SQLitePersistence.m */,
				A81771341BEC8FE500F2A616 /* NSData-SQLitePersistence.h */,
				A81771351BEC8FE500F2A616 /* NSData-SQLitePersistence.m */,
				A81771361BEC8FE500F2A616 /* NSDate-SQLitePersistence.h */,
				A81771371BEC8FE500F2A616 /* NSDate-SQLitePersistence.m */,
				A81771381BEC8FE500F2A616 /* NSDictionary-SQLitePersistence.h */,
				A81771391BEC8FE500F2A616 /* NSDictionary-SQLitePersistence.m */,
				A817713A1BEC8FE500F2A616 /* NSNumber-SQLitePersistence.h */,
				A817713B1BEC8FE500F2A616 /* NSNumber-SQLitePersistence.m */,
				A817713C1BEC8FE500F2A616 /* NSObject-ClassName.h */,
				A817713D1BEC8FE500F2A616 /* NSObject-ClassName.m */,
				A817713E1BEC8FE500F2A616 /* NSObject-SQLitePersistence.h */,
				A817713F1BEC8FE500F2A616 /* NSObject-SQLitePersistence.m */,
				A81771401BEC8FE500F2A616 /* NSSet-SQLitePersistence.h */,
				A81771411BEC8FE500F2A616 /* NSSet-SQLitePersistence.m */,
				A81771421BEC8FE500F2A616 /* NSString-SQLiteColumnName.h */,
				A81771431BEC8FE500F2A616 /* NSString-SQLiteColumnName.m */,
				A81771441BEC8FE500F2A616 /* NSString-SQLitePersistence.h */,
				A81771451BEC8FE500F2A616 /* NSString-SQLitePersistence.m */,
				A81771461BEC8FE500F2A616 /* NSString-UppercaseFirst.h */,
				A81771471BEC8FE500F2A616 /* NSString-UppercaseFirst.m */,
				A81771481BEC8FE500F2A616 /* UIColor-SQLitePersistentObject.h */,
				A81771491BEC8FE500F2A616 /* UIColor-SQLitePersistentObject.m */,
				A817714A1BEC8FE500F2A616 /* UIImage-SQLitePersistence.h */,
				A817714B1BEC8FE500F2A616 /* UIImage-SQLitePersistence.m */,
			);
			path = SQL;
			sourceTree = "<group>";
		};
/* End PBXGroup section */

/* Begin PBXHeadersBuildPhase section */
		A81771041BEC8F7E00F2A616 /* Headers */ = {
			isa = PBXHeadersBuildPhase;
			buildActionMask = 2147483647;
			files = (
				A8D0E3751E02881B00A2655C /* LPDBModel+Private.h in Headers */,
				A817715F1BEC8FE500F2A616 /* LPDBModel.h in Headers */,
				A817715D1BEC8FE500F2A616 /* LPDBManager.h in Headers */,
				A81771651BEC8FE500F2A616 /* CompilerCheckedKeyPaths.h in Headers */,
				A81771711BEC8FE500F2A616 /* NSNumber-SQLitePersistence.h in Headers */,
				A81771671BEC8FE500F2A616 /* LPDBModel+SQL.h in Headers */,
				A81771731BEC8FE500F2A616 /* NSObject-ClassName.h in Headers */,
				A81771811BEC8FE500F2A616 /* UIImage-SQLitePersistence.h in Headers */,
				A817716F1BEC8FE500F2A616 /* NSDictionary-SQLitePersistence.h in Headers */,
				A817717D1BEC8FE500F2A616 /* NSString-UppercaseFirst.h in Headers */,
				A817717F1BEC8FE500F2A616 /* UIColor-SQLitePersistentObject.h in Headers */,
				A81771751BEC8FE500F2A616 /* NSObject-SQLitePersistence.h in Headers */,
				A81771691BEC8FE500F2A616 /* NSArray-SQLitePersistence.h in Headers */,
				A817717B1BEC8FE500F2A616 /* NSString-SQLitePersistence.h in Headers */,
				A81771791BEC8FE500F2A616 /* NSString-SQLiteColumnName.h in Headers */,
				A81771771BEC8FE500F2A616 /* NSSet-SQLitePersistence.h in Headers */,
				A817716B1BEC8FE500F2A616 /* NSData-SQLitePersistence.h in Headers */,
				A817716D1BEC8FE500F2A616 /* NSDate-SQLitePersistence.h in Headers */,
				A81771661BEC8FE500F2A616 /* LPDBManager+Private.h in Headers */,
				A81771521BEC8FE500F2A616 /* FMDatabaseQueue.h in Headers */,
				A81771551BEC8FE500F2A616 /* FMResultSet.h in Headers */,
				A81771501BEC8FE500F2A616 /* FMDatabasePool.h in Headers */,
				A817714C1BEC8FE500F2A616 /* FMDatabase.h in Headers */,
				A81771541BEC8FE500F2A616 /* FMDB.h in Headers */,
				A817710B1BEC8F7E00F2A616 /* LPDB.h in Headers */,
				A817714E1BEC8FE500F2A616 /* FMDatabaseAdditions.h in Headers */,
			);
			runOnlyForDeploymentPostprocessing = 0;
		};
/* End PBXHeadersBuildPhase section */

/* Begin PBXNativeTarget section */
		A81771061BEC8F7E00F2A616 /* LPDB */ = {
			isa = PBXNativeTarget;
			buildConfigurationList = A817710F1BEC8F7E00F2A616 /* Build configuration list for PBXNativeTarget "LPDB" */;
			buildPhases = (
				A81771021BEC8F7E00F2A616 /* Sources */,
				A81771031BEC8F7E00F2A616 /* Frameworks */,
				A81771041BEC8F7E00F2A616 /* Headers */,
				A81771051BEC8F7E00F2A616 /* Resources */,
			);
			buildRules = (
			);
			dependencies = (
			);
			name = LPDB;
			productName = LPDB;
			productReference = A81771071BEC8F7E00F2A616 /* LPDB.framework */;
			productType = "com.apple.product-type.framework";
		};
/* End PBXNativeTarget section */

/* Begin PBXProject section */
		A81770FE1BEC8F7E00F2A616 /* Project object */ = {
			isa = PBXProject;
			attributes = {
				LastUpgradeCheck = 0710;
				ORGANIZATIONNAME = pennyli;
				TargetAttributes = {
					A81771061BEC8F7E00F2A616 = {
						CreatedOnToolsVersion = 7.1;
					};
				};
			};
			buildConfigurationList = A81771011BEC8F7E00F2A616 /* Build configuration list for PBXProject "LPDB" */;
			compatibilityVersion = "Xcode 3.2";
			developmentRegion = English;
			hasScannedForEncodings = 0;
			knownRegions = (
				en,
			);
			mainGroup = A81770FD1BEC8F7E00F2A616;
			productRefGroup = A81771081BEC8F7E00F2A616 /* Products */;
			projectDirPath = "";
			projectRoot = "";
			targets = (
				A81771061BEC8F7E00F2A616 /* LPDB */,
			);
		};
/* End PBXProject section */

/* Begin PBXResourcesBuildPhase section */
		A81771051BEC8F7E00F2A616 /* Resources */ = {
			isa = PBXResourcesBuildPhase;
			buildActionMask = 2147483647;
			files = (
			);
			runOnlyForDeploymentPostprocessing = 0;
		};
/* End PBXResourcesBuildPhase section */

/* Begin PBXSourcesBuildPhase section */
		A81771021BEC8F7E00F2A616 /* Sources */ = {
			isa = PBXSourcesBuildPhase;
			buildActionMask = 2147483647;
			files = (
				A817715E1BEC8FE500F2A616 /* LPDBManager.m in Sources */,
				A817717E1BEC8FE500F2A616 /* NSString-UppercaseFirst.m in Sources */,
				A817714D1BEC8FE500F2A616 /* FMDatabase.m in Sources */,
				A81771531BEC8FE500F2A616 /* FMDatabaseQueue.m in Sources */,
				A81771511BEC8FE500F2A616 /* FMDatabasePool.m in Sources */,
				A81771681BEC8FE500F2A616 /* LPDBModel+SQL.m in Sources */,
				A81771781BEC8FE500F2A616 /* NSSet-SQLitePersistence.m in Sources */,
				A817716A1BEC8FE500F2A616 /* NSArray-SQLitePersistence.m in Sources */,
				A81771821BEC8FE500F2A616 /* UIImage-SQLitePersistence.m in Sources */,
				A817717A1BEC8FE500F2A616 /* NSString-SQLiteColumnName.m in Sources */,
				A81771761BEC8FE500F2A616 /* NSObject-SQLitePersistence.m in Sources */,
				A81771701BEC8FE500F2A616 /* NSDictionary-SQLitePersistence.m in Sources */,
				A817714F1BEC8FE500F2A616 /* FMDatabaseAdditions.m in Sources */,
				A81771721BEC8FE500F2A616 /* NSNumber-SQLitePersistence.m in Sources */,
				A817716E1BEC8FE500F2A616 /* NSDate-SQLitePersistence.m in Sources */,
				A817717C1BEC8FE500F2A616 /* NSString-SQLitePersistence.m in Sources */,
				A81771741BEC8FE500F2A616 /* NSObject-ClassName.m in Sources */,
				A81771801BEC8FE500F2A616 /* UIColor-SQLitePersistentObject.m in Sources */,
				A81771561BEC8FE500F2A616 /* FMResultSet.m in Sources */,
				A817716C1BEC8FE500F2A616 /* NSData-SQLitePersistence.m in Sources */,
				A81771601BEC8FE500F2A616 /* LPDBModel.m in Sources */,
			);
			runOnlyForDeploymentPostprocessing = 0;
		};
/* End PBXSourcesBuildPhase section */

/* Begin XCBuildConfiguration section */
		A817710D1BEC8F7E00F2A616 /* Debug */ = {
			isa = XCBuildConfiguration;
			buildSettings = {
				ALWAYS_SEARCH_USER_PATHS = NO;
				CLANG_CXX_LANGUAGE_STANDARD = "gnu++0x";
				CLANG_CXX_LIBRARY = "libc++";
				CLANG_ENABLE_MODULES = YES;
				CLANG_ENABLE_OBJC_ARC = YES;
				CLANG_WARN_BOOL_CONVERSION = YES;
				CLANG_WARN_CONSTANT_CONVERSION = YES;
				CLANG_WARN_DIRECT_OBJC_ISA_USAGE = YES_ERROR;
				CLANG_WARN_EMPTY_BODY = YES;
				CLANG_WARN_ENUM_CONVERSION = YES;
				CLANG_WARN_INT_CONVERSION = YES;
				CLANG_WARN_OBJC_ROOT_CLASS = YES_ERROR;
				CLANG_WARN_UNREACHABLE_CODE = YES;
				CLANG_WARN__DUPLICATE_METHOD_MATCH = YES;
				"CODE_SIGN_IDENTITY[sdk=iphoneos*]" = "iPhone Developer";
				COPY_PHASE_STRIP = NO;
				CURRENT_PROJECT_VERSION = 1;
				DEBUG_INFORMATION_FORMAT = dwarf;
				ENABLE_STRICT_OBJC_MSGSEND = YES;
				ENABLE_TESTABILITY = YES;
				GCC_C_LANGUAGE_STANDARD = gnu99;
				GCC_DYNAMIC_NO_PIC = NO;
				GCC_NO_COMMON_BLOCKS = YES;
				GCC_OPTIMIZATION_LEVEL = 0;
				GCC_PREPROCESSOR_DEFINITIONS = (
					"DEBUG=1",
					"$(inherited)",
				);
				GCC_WARN_64_TO_32_BIT_CONVERSION = YES;
				GCC_WARN_ABOUT_RETURN_TYPE = YES_ERROR;
				GCC_WARN_UNDECLARED_SELECTOR = YES;
				GCC_WARN_UNINITIALIZED_AUTOS = YES_AGGRESSIVE;
				GCC_WARN_UNUSED_FUNCTION = YES;
				GCC_WARN_UNUSED_VARIABLE = YES;
				IPHONEOS_DEPLOYMENT_TARGET = 9.1;
				MTL_ENABLE_DEBUG_INFO = YES;
				ONLY_ACTIVE_ARCH = YES;
				SDKROOT = iphoneos;
				TARGETED_DEVICE_FAMILY = "1,2";
				VERSIONING_SYSTEM = "apple-generic";
				VERSION_INFO_PREFIX = "";
			};
			name = Debug;
		};
		A817710E1BEC8F7E00F2A616 /* Release */ = {
			isa = XCBuildConfiguration;
			buildSettings = {
				ALWAYS_SEARCH_USER_PATHS = NO;
				CLANG_CXX_LANGUAGE_STANDARD = "gnu++0x";
				CLANG_CXX_LIBRARY = "libc++";
				CLANG_ENABLE_MODULES = YES;
				CLANG_ENABLE_OBJC_ARC = YES;
				CLANG_WARN_BOOL_CONVERSION = YES;
				CLANG_WARN_CONSTANT_CONVERSION = YES;
				CLANG_WARN_DIRECT_OBJC_ISA_USAGE = YES_ERROR;
				CLANG_WARN_EMPTY_BODY = YES;
				CLANG_WARN_ENUM_CONVERSION = YES;
				CLANG_WARN_INT_CONVERSION = YES;
				CLANG_WARN_OBJC_ROOT_CLASS = YES_ERROR;
				CLANG_WARN_UNREACHABLE_CODE = YES;
				CLANG_WARN__DUPLICATE_METHOD_MATCH = YES;
				"CODE_SIGN_IDENTITY[sdk=iphoneos*]" = "iPhone Developer";
				COPY_PHASE_STRIP = NO;
				CURRENT_PROJECT_VERSION = 1;
				DEBUG_INFORMATION_FORMAT = "dwarf-with-dsym";
				ENABLE_NS_ASSERTIONS = NO;
				ENABLE_STRICT_OBJC_MSGSEND = YES;
				GCC_C_LANGUAGE_STANDARD = gnu99;
				GCC_NO_COMMON_BLOCKS = YES;
				GCC_WARN_64_TO_32_BIT_CONVERSION = YES;
				GCC_WARN_ABOUT_RETURN_TYPE = YES_ERROR;
				GCC_WARN_UNDECLARED_SELECTOR = YES;
				GCC_WARN_UNINITIALIZED_AUTOS = YES_AGGRESSIVE;
				GCC_WARN_UNUSED_FUNCTION = YES;
				GCC_WARN_UNUSED_VARIABLE = YES;
				IPHONEOS_DEPLOYMENT_TARGET = 9.1;
				MTL_ENABLE_DEBUG_INFO = NO;
				SDKROOT = iphoneos;
				TARGETED_DEVICE_FAMILY = "1,2";
				VALIDATE_PRODUCT = YES;
				VERSIONING_SYSTEM = "apple-generic";
				VERSION_INFO_PREFIX = "";
			};
			name = Release;
		};
		A81771101BEC8F7E00F2A616 /* Debug */ = {
			isa = XCBuildConfiguration;
			buildSettings = {
				DEFINES_MODULE = YES;
				DYLIB_COMPATIBILITY_VERSION = 1;
				DYLIB_CURRENT_VERSION = 1;
				DYLIB_INSTALL_NAME_BASE = "@rpath";
				INFOPLIST_FILE = LPDB/Info.plist;
				INSTALL_PATH = "$(LOCAL_LIBRARY_DIR)/Frameworks";
				LD_RUNPATH_SEARCH_PATHS = "$(inherited) @executable_path/Frameworks @loader_path/Frameworks";
				PRODUCT_BUNDLE_IDENTIFIER = com.tencent.LPDB;
				PRODUCT_NAME = "$(TARGET_NAME)";
				SKIP_INSTALL = YES;
			};
			name = Debug;
		};
		A81771111BEC8F7E00F2A616 /* Release */ = {
			isa = XCBuildConfiguration;
			buildSettings = {
				DEFINES_MODULE = YES;
				DYLIB_COMPATIBILITY_VERSION = 1;
				DYLIB_CURRENT_VERSION = 1;
				DYLIB_INSTALL_NAME_BASE = "@rpath";
				INFOPLIST_FILE = LPDB/Info.plist;
				INSTALL_PATH = "$(LOCAL_LIBRARY_DIR)/Frameworks";
				LD_RUNPATH_SEARCH_PATHS = "$(inherited) @executable_path/Frameworks @loader_path/Frameworks";
				PRODUCT_BUNDLE_IDENTIFIER = com.tencent.LPDB;
				PRODUCT_NAME = "$(TARGET_NAME)";
				SKIP_INSTALL = YES;
			};
			name = Release;
		};
/* End XCBuildConfiguration section */

/* Begin XCConfigurationList section */
		A81771011BEC8F7E00F2A616 /* Build configuration list for PBXProject "LPDB" */ = {
			isa = XCConfigurationList;
			buildConfigurations = (
				A817710D1BEC8F7E00F2A616 /* Debug */,
				A817710E1BEC8F7E00F2A616 /* Release */,
			);
			defaultConfigurationIsVisible = 0;
			defaultConfigurationName = Release;
		};
		A817710F1BEC8F7E00F2A616 /* Build configuration list for PBXNativeTarget "LPDB" */ = {
			isa = XCConfigurationList;
			buildConfigurations = (
				A81771101BEC8F7E00F2A616 /* Debug */,
				A81771111BEC8F7E00F2A616 /* Release */,
			);
			defaultConfigurationIsVisible = 0;
			defaultConfigurationName = Release;
		};
/* End XCConfigurationList section */
	};
	rootObject = A81770FE1BEC8F7E00F2A616 /* Project object */;
}
